
Microsoft Visual Studio Solution File, Format Version 12.00
# Visual Studio Version 16
VisualStudioVersion = 25.0.1706.6
MinimumVisualStudioVersion = 10.0.40219.1
Project("{FAE04EC0-301F-11D3-BF4B-00C04F79EFBC}") = "ErkAppMvc", "ErkAppMvc.csproj", "{96648E76-B269-4836-8D2A-5ED721F293A3}"
EndProject
Project("{FAE04EC0-301F-11D3-BF4B-00C04F79EFBC}") = "ErkAppBusiness", "..\ErkAppBusiness\ErkAppBusiness.csproj", "{32B660C2-ED42-493D-B833-4787B68A429C}"
EndProject
Project("{FAE04EC0-301F-11D3-BF4B-00C04F79EFBC}") = "ErkAppData", "..\ErkAppData\ErkAppData.csproj", "{F9A040E2-FE02-4CF4-A504-373E2DA8A1B3}"
EndProject
Global
	GlobalSection(SolutionConfigurationPlatforms) = preSolution
		Debug|Any CPU = Debug|Any CPU
		Release|Any CPU = Release|Any CPU
	EndGlobalSection
	GlobalSection(ProjectConfigurationPlatforms) = postSolution
		{96648E76-B269-4836-8D2A-5ED721F293A3}.Debug|Any CPU.ActiveCfg = Debug|Any CPU
		{96648E76-B269-4836-8D2A-5ED721F293A3}.Debug|Any CPU.Build.0 = Debug|Any CPU
		{96648E76-B269-4836-8D2A-5ED721F293A3}.Release|Any CPU.ActiveCfg = Release|Any CPU
		{96648E76-B269-4836-8D2A-5ED721F293A3}.Release|Any CPU.Build.0 = Release|Any CPU
		{32B660C2-ED42-493D-B833-4787B68A429C}.Debug|Any CPU.ActiveCfg = Debug|Any CPU
		{32B660C2-ED42-493D-B833-4787B68A429C}.Debug|Any CPU.Build.0 = Debug|Any CPU
		{32B660C2-ED42-493D-B833-4787B68A429C}.Release|Any CPU.ActiveCfg = Release|Any CPU
		{32B660C2-ED42-493D-B833-4787B68A429C}.Release|Any CPU.Build.0 = Release|Any CPU
		{F9A040E2-FE02-4CF4-A504-373E2DA8A1B3}.Debug|Any CPU.ActiveCfg = Debug|Any CPU
		{F9A040E2-FE02-4CF4-A504-373E2DA8A1B3}.Debug|Any CPU.Build.0 = Debug|Any CPU
		{F9A040E2-FE02-4CF4-A504-373E2DA8A1B3}.Release|Any CPU.ActiveCfg = Release|Any CPU
		{F9A040E2-FE02-4CF4-A504-373E2DA8A1B3}.Release|Any CPU.Build.0 = Release|Any CPU
	EndGlobalSection
	GlobalSection(SolutionProperties) = preSolution
		HideSolutionNode = FALSE
	EndGlobalSection
	GlobalSection(ExtensibilityGlobals) = postSolution
		SolutionGuid = {00F74763-520A-4E72-BB0E-5DDDCCBA4F4F}
	EndGlobalSection
EndGlobal
